
Microsoft Visual Studio Solution File, Format Version 12.00
# Visual Studio 15
VisualStudioVersion = 15.0.28307.902
MinimumVisualStudioVersion = 10.0.40219.1
Project("{9A19103F-16F7-4668-BE54-9A1E7A4F7556}") = "AWSServerless", "AWSServerless\AWSServerless.csproj", "{4A7EEAF7-62D7-4421-977A-3A41984873B6}"
EndProject
Project("{9A19103F-16F7-4668-BE54-9A1E7A4F7556}") = "AWS.Serverless.ViewModel", "AWS.Serverless.ViewModel\AWS.Serverless.ViewModel.csproj", "{A34F8838-C392-4BA4-9BD2-50FFA6B05B4E}"
EndProject
Project("{9A19103F-16F7-4668-BE54-9A1E7A4F7556}") = "AWS.Serverless.Logic", "AWS.Serverless.Logic\AWS.Serverless.Logic.csproj", "{658B69B0-7F32-48D2-997E-5BBCBD48969B}"
EndProject
Project("{9A19103F-16F7-4668-BE54-9A1E7A4F7556}") = "AWS.Serverless.DBContext", "AWS.Serverless.DBContext\AWS.Serverless.DBContext.csproj", "{AAA3B590-DB48-44F9-909D-FF149EAF0D68}"
EndProject
Project("{9A19103F-16F7-4668-BE54-9A1E7A4F7556}") = "AWS.Serverless.Data", "AWS.Serverless.Data\AWS.Serverless.Data.csproj", "{063C2A48-9AF1-4AAF-AA18-FE073F085CD7}"
EndProject
Project("{FAE04EC0-301F-11D3-BF4B-00C04F79EFBC}") = "AWS.Serverless.Common", "AWS.Serverless.Common\AWS.Serverless.Common.csproj", "{826ABB9F-157E-4B56-A456-0BB24DC5EA5E}"
EndProject
Global
	GlobalSection(SolutionConfigurationPlatforms) = preSolution
		Debug|Any CPU = Debug|Any CPU
		Release|Any CPU = Release|Any CPU
	EndGlobalSection
	GlobalSection(ProjectConfigurationPlatforms) = postSolution
		{4A7EEAF7-62D7-4421-977A-3A41984873B6}.Debug|Any CPU.ActiveCfg = Debug|Any CPU
		{4A7EEAF7-62D7-4421-977A-3A41984873B6}.Debug|Any CPU.Build.0 = Debug|Any CPU
		{4A7EEAF7-62D7-4421-977A-3A41984873B6}.Release|Any CPU.ActiveCfg = Release|Any CPU
		{4A7EEAF7-62D7-4421-977A-3A41984873B6}.Release|Any CPU.Build.0 = Release|Any CPU
		{A34F8838-C392-4BA4-9BD2-50FFA6B05B4E}.Debug|Any CPU.ActiveCfg = Debug|Any CPU
		{A34F8838-C392-4BA4-9BD2-50FFA6B05B4E}.Debug|Any CPU.Build.0 = Debug|Any CPU
		{A34F8838-C392-4BA4-9BD2-50FFA6B05B4E}.Release|Any CPU.ActiveCfg = Release|Any CPU
		{A34F8838-C392-4BA4-9BD2-50FFA6B05B4E}.Release|Any CPU.Build.0 = Release|Any CPU
		{658B69B0-7F32-48D2-997E-5BBCBD48969B}.Debug|Any CPU.ActiveCfg = Debug|Any CPU
		{658B69B0-7F32-48D2-997E-5BBCBD48969B}.Debug|Any CPU.Build.0 = Debug|Any CPU
		{658B69B0-7F32-48D2-997E-5BBCBD48969B}.Release|Any CPU.ActiveCfg = Release|Any CPU
		{658B69B0-7F32-48D2-997E-5BBCBD48969B}.Release|Any CPU.Build.0 = Release|Any CPU
		{AAA3B590-DB48-44F9-909D-FF149EAF0D68}.Debug|Any CPU.ActiveCfg = Debug|Any CPU
		{AAA3B590-DB48-44F9-909D-FF149EAF0D68}.Debug|Any CPU.Build.0 = Debug|Any CPU
		{AAA3B590-DB48-44F9-909D-FF149EAF0D68}.Release|Any CPU.ActiveCfg = Release|Any CPU
		{AAA3B590-DB48-44F9-909D-FF149EAF0D68}.Release|Any CPU.Build.0 = Release|Any CPU
		{063C2A48-9AF1-4AAF-AA18-FE073F085CD7}.Debug|Any CPU.ActiveCfg = Debug|Any CPU
		{063C2A48-9AF1-4AAF-AA18-FE073F085CD7}.Debug|Any CPU.Build.0 = Debug|Any CPU
		{063C2A48-9AF1-4AAF-AA18-FE073F085CD7}.Release|Any CPU.ActiveCfg = Release|Any CPU
		{063C2A48-9AF1-4AAF-AA18-FE073F085CD7}.Release|Any CPU.Build.0 = Release|Any CPU
		{826ABB9F-157E-4B56-A456-0BB24DC5EA5E}.Debug|Any CPU.ActiveCfg = Debug|Any CPU
		{826ABB9F-157E-4B56-A456-0BB24DC5EA5E}.Debug|Any CPU.Build.0 = Debug|Any CPU
		{826ABB9F-157E-4B56-A456-0BB24DC5EA5E}.Release|Any CPU.ActiveCfg = Release|Any CPU
		{826ABB9F-157E-4B56-A456-0BB24DC5EA5E}.Release|Any CPU.Build.0 = Release|Any CPU
	EndGlobalSection
	GlobalSection(SolutionProperties) = preSolution
		HideSolutionNode = FALSE
	EndGlobalSection
	GlobalSection(ExtensibilityGlobals) = postSolution
		SolutionGuid = {98D5FB46-681D-43BD-BCDD-FBCB9BBC52E0}
	EndGlobalSection
EndGlobal
